dependencies:
- name: mongodb
  repository: https://charts.bitnami.com/bitnami
  version: 18.4.8
- name: postgresql
  repository: https://charts.bitnami.com/bitnami
  version: 18.8.17
- name: redis
  repository: https://charts.bitnami.com/bitnami
  version: 24.1.8
digest: sha256:b96aed929ff9f97a1ff0c7999e6c2477fc83e65e6baa3504dabbd1649bbe50ea
generated: "2026-09-15T22:23:19.2741181-07:00"
