dependencies:
- name: mongodb
  repository: https://charts.bitnami.com/bitnami
  version: 18.4.8
- name: postgresql
  repository: https://charts.bitnami.com/bitnami
  version: 18.8.17
- name: redis
  repository: https://charts.bitnami.com/bitnami
  version: 24.1.8
digest: sha256:469ddda974bf1bcb43281ee33a19d2df4479c1852164cbb81b61908b21fca26b
generated: "2026-09-17T21:16:48.3916933-07:00"
